
Microsoft Visual Studio Solution File, Format Version 12.00
# Visual Studio Version 17
VisualStudioVersion = 17.2.32616.157
MinimumVisualStudioVersion = 10.0.40219.1
Project("{FAE04EC0-301F-11D3-BF4B-00C04F79EFBC}") = "EFDemoApp", "EFDemoApp\EFDemoApp.csproj", "{12FC2FB4-4190-4C14-959C-CD872A8DF585}"
EndProject
Project("{FAE04EC0-301F-11D3-BF4B-00C04F79EFBC}") = "EFDataAccessLibrary", "EFDataAccessLibrary\EFDataAccessLibrary.csproj", "{98BB3122-6AE0-4AF6-9AF8-E5B717E982D1}"
EndProject
Global
	GlobalSection(SolutionConfigurationPlatforms) = preSolution
		Debug|Any CPU = Debug|Any CPU
		Release|Any CPU = Release|Any CPU
	EndGlobalSection
	GlobalSection(ProjectConfigurationPlatforms) = postSolution
		{12FC2FB4-4190-4C14-959C-CD872A8DF585}.Debug|Any CPU.ActiveCfg = Debug|Any CPU
		{12FC2FB4-4190-4C14-959C-CD872A8DF585}.Debug|Any CPU.Build.0 = Debug|Any CPU
		{12FC2FB4-4190-4C14-959C-CD872A8DF585}.Release|Any CPU.ActiveCfg = Release|Any CPU
		{12FC2FB4-4190-4C14-959C-CD872A8DF585}.Release|Any CPU.Build.0 = Release|Any CPU
		{98BB3122-6AE0-4AF6-9AF8-E5B717E982D1}.Debug|Any CPU.ActiveCfg = Debug|Any CPU
		{98BB3122-6AE0-4AF6-9AF8-E5B717E982D1}.Debug|Any CPU.Build.0 = Debug|Any CPU
		{98BB3122-6AE0-4AF6-9AF8-E5B717E982D1}.Release|Any CPU.ActiveCfg = Release|Any CPU
		{98BB3122-6AE0-4AF6-9AF8-E5B717E982D1}.Release|Any CPU.Build.0 = Release|Any CPU
	EndGlobalSection
	GlobalSection(SolutionProperties) = preSolution
		HideSolutionNode = FALSE
	EndGlobalSection
	GlobalSection(ExtensibilityGlobals) = postSolution
		SolutionGuid = {FCCCD918-7324-41A4-8930-588216F25148}
	EndGlobalSection
EndGlobal
